Microsoft Visual Studio Solution File, Format Version 12.00
# Visual Studio 2012
Project("{FAE04EC0-301F-11D3-BF4B-00C04F79EFBC}") = "Code a life bar", "Code a life bar.csproj", "{38E98EA4-0A3B-48CD-B4C7-F9DFC4E9C75D}"
EndProject
Global
	GlobalSection(SolutionConfigurationPlatforms) = preSolution
	Debug|Any CPU = Debug|Any CPU
	Release|Any CPU = Release|Any CPU
	Tools|Any CPU = Tools|Any CPU
	EndGlobalSection
	GlobalSection(ProjectConfigurationPlatforms) = postSolution
		{38E98EA4-0A3B-48CD-B4C7-F9DFC4E9C75D}.Debug|Any CPU.ActiveCfg = Debug|Any CPU
		{38E98EA4-0A3B-48CD-B4C7-F9DFC4E9C75D}.Debug|Any CPU.Build.0 = Debug|Any CPU
		{38E98EA4-0A3B-48CD-B4C7-F9DFC4E9C75D}.Release|Any CPU.ActiveCfg = Release|Any CPU
		{38E98EA4-0A3B-48CD-B4C7-F9DFC4E9C75D}.Release|Any CPU.Build.0 = Release|Any CPU
		{38E98EA4-0A3B-48CD-B4C7-F9DFC4E9C75D}.Tools|Any CPU.ActiveCfg = Tools|Any CPU
		{38E98EA4-0A3B-48CD-B4C7-F9DFC4E9C75D}.Tools|Any CPU.Build.0 = Tools|Any CPU
	EndGlobalSection
EndGlobal
